
Microsoft Visual Studio Solution File, Format Version 12.00
# Visual Studio 15
VisualStudioVersion = 15.0.27130.2024
MinimumVisualStudioVersion = 10.0.40219.1
Project("{FAE04EC0-301F-11D3-BF4B-00C04F79EFBC}") = "Lab_3", "Lab_3.csproj", "{A714ECE3-F9C4-43D8-A0C4-F637BE5C106C}"
EndProject
Global
	GlobalSection(SolutionConfigurationPlatforms) = preSolution
		Debug|Any CPU = Debug|Any CPU
		Release|Any CPU = Release|Any CPU
	EndGlobalSection
	GlobalSection(ProjectConfigurationPlatforms) = postSolution
		{A714ECE3-F9C4-43D8-A0C4-F637BE5C106C}.Debug|Any CPU.ActiveCfg = Debug|Any CPU
		{A714ECE3-F9C4-43D8-A0C4-F637BE5C106C}.Debug|Any CPU.Build.0 = Debug|Any CPU
		{A714ECE3-F9C4-43D8-A0C4-F637BE5C106C}.Release|Any CPU.ActiveCfg = Release|Any CPU
		{A714ECE3-F9C4-43D8-A0C4-F637BE5C106C}.Release|Any CPU.Build.0 = Release|Any CPU
	EndGlobalSection
	GlobalSection(SolutionProperties) = preSolution
		HideSolutionNode = FALSE
	EndGlobalSection
	GlobalSection(ExtensibilityGlobals) = postSolution
		SolutionGuid = {51D4734C-97AB-4E4B-B6BC-B05D1B31EBA5}
	EndGlobalSection
EndGlobal
